Microsoft Visual Studio Solution File, Format Version 12.00
Project("{FAE04EC0-301F-11D3-BF4B-00C04F79EFBC}") = "AutoCast", "mods\AutoCast\AutoCast.csproj", "{F8D0BDD2-1720-4724-92CF-932E0B2FDB07}"
EndProject
Project("{FAE04EC0-301F-11D3-BF4B-00C04F79EFBC}") = "MoreGemSlots", "mods\MoreGemSlots\MoreGemSlots.csproj", "{7FA15649-66A1-4911-840A-4C8BA6EDE558}"
EndProject
Project("{FAE04EC0-301F-11D3-BF4B-00C04F79EFBC}") = "DevTools", "mods\DevTools\DevTools.csproj", "{3C1E9A47-5B62-4D08-9E31-2A7F4C6D8B15}"
EndProject
Project("{FAE04EC0-301F-11D3-BF4B-00C04F79EFBC}") = "MapAutoRoute", "mods\MapAutoRoute\MapAutoRoute.csproj", "{E2133C07-D393-4C8E-9DBC-6D3CAAE7D9B1}"
EndProject
Project("{FAE04EC0-301F-11D3-BF4B-00C04F79EFBC}") = "FaceTheCursor", "mods\FaceTheCursor\FaceTheCursor.csproj", "{37842C4A-A8BE-4A32-ABD0-9B9B0CF85AA0}"
EndProject
Project("{FAE04EC0-301F-11D3-BF4B-00C04F79EFBC}") = "TransparentEffects", "mods\TransparentEffects\TransparentEffects.csproj", "{569A8195-7377-449A-BE58-872100E172DA}"
EndProject
Project("{FAE04EC0-301F-11D3-BF4B-00C04F79EFBC}") = "CloserSouls", "mods\CloserSouls\CloserSouls.csproj", "{400CF80A-2BD9-4BB6-B133-919478C5748A}"
EndProject
Project("{FAE04EC0-301F-11D3-BF4B-00C04F79EFBC}") = "BuildWhileDown", "mods\BuildWhileDown\BuildWhileDown.csproj", "{F32B3C19-EFB3-4928-A3C1-A0B23C4C1912}"
EndProject
Global
	GlobalSection(SolutionConfigurationPlatforms) = preSolution
		Debug|Any CPU = Debug|Any CPU
		Release|Any CPU = Release|Any CPU
	EndGlobalSection
	GlobalSection(ProjectConfigurationPlatforms) = postSolution
		{F8D0BDD2-1720-4724-92CF-932E0B2FDB07}.Debug|Any CPU.ActiveCfg = Debug|Any CPU
		{F8D0BDD2-1720-4724-92CF-932E0B2FDB07}.Debug|Any CPU.Build.0 = Debug|Any CPU
		{F8D0BDD2-1720-4724-92CF-932E0B2FDB07}.Release|Any CPU.ActiveCfg = Release|Any CPU
		{F8D0BDD2-1720-4724-92CF-932E0B2FDB07}.Release|Any CPU.Build.0 = Release|Any CPU
		{7FA15649-66A1-4911-840A-4C8BA6EDE558}.Debug|Any CPU.ActiveCfg = Debug|Any CPU
		{7FA15649-66A1-4911-840A-4C8BA6EDE558}.Debug|Any CPU.Build.0 = Debug|Any CPU
		{7FA15649-66A1-4911-840A-4C8BA6EDE558}.Release|Any CPU.ActiveCfg = Release|Any CPU
		{7FA15649-66A1-4911-840A-4C8BA6EDE558}.Release|Any CPU.Build.0 = Release|Any CPU
		{3C1E9A47-5B62-4D08-9E31-2A7F4C6D8B15}.Debug|Any CPU.ActiveCfg = Debug|Any CPU
		{3C1E9A47-5B62-4D08-9E31-2A7F4C6D8B15}.Debug|Any CPU.Build.0 = Debug|Any CPU
		{3C1E9A47-5B62-4D08-9E31-2A7F4C6D8B15}.Release|Any CPU.ActiveCfg = Release|Any CPU
		{3C1E9A47-5B62-4D08-9E31-2A7F4C6D8B15}.Release|Any CPU.Build.0 = Release|Any CPU
		{E2133C07-D393-4C8E-9DBC-6D3CAAE7D9B1}.Debug|Any CPU.ActiveCfg = Debug|Any CPU
		{E2133C07-D393-4C8E-9DBC-6D3CAAE7D9B1}.Debug|Any CPU.Build.0 = Debug|Any CPU
		{E2133C07-D393-4C8E-9DBC-6D3CAAE7D9B1}.Release|Any CPU.ActiveCfg = Release|Any CPU
		{E2133C07-D393-4C8E-9DBC-6D3CAAE7D9B1}.Release|Any CPU.Build.0 = Release|Any CPU
		{37842C4A-A8BE-4A32-ABD0-9B9B0CF85AA0}.Debug|Any CPU.ActiveCfg = Debug|Any CPU
		{37842C4A-A8BE-4A32-ABD0-9B9B0CF85AA0}.Debug|Any CPU.Build.0 = Debug|Any CPU
		{37842C4A-A8BE-4A32-ABD0-9B9B0CF85AA0}.Release|Any CPU.ActiveCfg = Release|Any CPU
		{37842C4A-A8BE-4A32-ABD0-9B9B0CF85AA0}.Release|Any CPU.Build.0 = Release|Any CPU
		{569A8195-7377-449A-BE58-872100E172DA}.Debug|Any CPU.ActiveCfg = Debug|Any CPU
		{569A8195-7377-449A-BE58-872100E172DA}.Debug|Any CPU.Build.0 = Debug|Any CPU
		{569A8195-7377-449A-BE58-872100E172DA}.Release|Any CPU.ActiveCfg = Release|Any CPU
		{569A8195-7377-449A-BE58-872100E172DA}.Release|Any CPU.Build.0 = Release|Any CPU
		{400CF80A-2BD9-4BB6-B133-919478C5748A}.Debug|Any CPU.ActiveCfg = Debug|Any CPU
		{400CF80A-2BD9-4BB6-B133-919478C5748A}.Debug|Any CPU.Build.0 = Debug|Any CPU
		{400CF80A-2BD9-4BB6-B133-919478C5748A}.Release|Any CPU.ActiveCfg = Release|Any CPU
		{400CF80A-2BD9-4BB6-B133-919478C5748A}.Release|Any CPU.Build.0 = Release|Any CPU
		{F32B3C19-EFB3-4928-A3C1-A0B23C4C1912}.Debug|Any CPU.ActiveCfg = Debug|Any CPU
		{F32B3C19-EFB3-4928-A3C1-A0B23C4C1912}.Debug|Any CPU.Build.0 = Debug|Any CPU
		{F32B3C19-EFB3-4928-A3C1-A0B23C4C1912}.Release|Any CPU.ActiveCfg = Release|Any CPU
		{F32B3C19-EFB3-4928-A3C1-A0B23C4C1912}.Release|Any CPU.Build.0 = Release|Any CPU
	EndGlobalSection
EndGlobal
